
Microsoft Visual Studio Solution File, Format Version 12.00
# Visual Studio Version 17
VisualStudioVersion = 17.13.35806.99 d17.13
MinimumVisualStudioVersion = 10.0.40219.1
Project("{FAE04EC0-301F-11D3-BF4B-00C04F79EFBC}") = "UserManagementSystem.API", "UserManagementSystem.API\UserManagementSystem.API.csproj", "{75CDFF41-A16A-4439-A423-7EC2573EED0A}"
EndProject
Global
	GlobalSection(SolutionConfigurationPlatforms) = preSolution
		Debug|Any CPU = Debug|Any CPU
		Release|Any CPU = Release|Any CPU
	EndGlobalSection
	GlobalSection(ProjectConfigurationPlatforms) = postSolution
		{75CDFF41-A16A-4439-A423-7EC2573EED0A}.Debug|Any CPU.ActiveCfg = Debug|Any CPU
		{75CDFF41-A16A-4439-A423-7EC2573EED0A}.Debug|Any CPU.Build.0 = Debug|Any CPU
		{75CDFF41-A16A-4439-A423-7EC2573EED0A}.Release|Any CPU.ActiveCfg = Release|Any CPU
		{75CDFF41-A16A-4439-A423-7EC2573EED0A}.Release|Any CPU.Build.0 = Release|Any CPU
	EndGlobalSection
	GlobalSection(SolutionProperties) = preSolution
		HideSolutionNode = FALSE
	EndGlobalSection
	GlobalSection(ExtensibilityGlobals) = postSolution
		SolutionGuid = {547F30BD-C5F9-4737-9490-F02CD15245F9}
	EndGlobalSection
EndGlobal
